version = 1
revision = 3
requires-python = ">=3.8"
resolution-markers = [
    "python_full_version >= '3.10'",
    "python_full_version == '3.9.*'",
    "python_full_version < '3.9'",
]

[[package]]
name = "importlib-metadata"
version = "8.5.0"
source = { registry = "https://pypi.org/simple" }
resolution-markers = [
    "python_full_version < '3.9'",
]
dependencies = [
    { name = "zipp", version = "3.20.2", source = { registry = "https://pypi.org/simple" }, marker = "python_full_version < '3.9'" },
]
sdist = { url = "https://files.pythonhosted.org/packages/cd/12/33e59336dca5be0c398a7482335911a33aa0e20776128f038019f1a95f1b/importlib_metadata-8.5.0.tar.gz", hash = "sha256:71522656f0abace1d072b9e5481a48f07c138e00f079c38c8f883823f9c26bd7", size = 55304, upload-time = "2024-09-11T14:56:08.937Z" }
wheels = [
    { url = "https://files.pythonhosted.org/packages/a0/d9/a1e041c5e7caa9a05c925f4bdbdfb7f006d1f74996af53467bc394c97be7/importlib_metadata-8.5.0-py3-none-any.whl", hash = "sha256:45e54197d28b7a7f1559e60b95e7c567032b602131fbd588f1497f47880aa68b", size = 26514, upload-time = "2024-09-11T14:56:07.019Z" },
]

[[package]]
name = "importlib-metadata"
version = "8.7.1"
source = { registry = "https://pypi.org/simple" }
resolution-markers = [
    "python_full_version == '3.9.*'",
]
dependencies = [
    { name = "zipp", version = "3.23.0", source = { registry = "https://pypi.org/simple" }, marker = "python_full_version == '3.9.*'" },
]
sdist = { url = "https://files.pythonhosted.org/packages/f3/49/3b30cad09e7771a4982d9975a8cbf64f00d4a1ececb53297f1d9a7be1b10/importlib_metadata-8.7.1.tar.gz", hash = "sha256:49fef1ae6440c182052f407c8d34a68f72efc36db9ca90dc0113398f2fdde8bb", size = 57107, upload-time = "2025-12-21T10:00:19.278Z" }
wheels = [
    { url = "https://files.pythonhosted.org/packages/fa/5e/f8e9a1d23b9c20a551a8a02ea3637b4642e22c2626e3a13a9a29cdea99eb/importlib_metadata-8.7.1-py3-none-any.whl", hash = "sha256:5a1f80bf1daa489495071efbb095d75a634cf28a8bc299581244063b53176151", size = 27865, upload-time = "2025-12-21T10:00:18.329Z" },
]

[[package]]
name = "mypy-protobuf"
version = "5.0.0"
source = { registry = "https://pypi.org/simple" }
dependencies = [
    { name = "protobuf", version = "5.29.6", source = { registry = "https://pypi.org/simple" }, marker = "python_full_version < '3.9'" },
    { name = "protobuf", version = "6.33.5", source = { registry = "https://pypi.org/simple" }, marker = "python_full_version == '3.9.*'" },
    { name = "protobuf", version = "7.34.0", source = { registry = "https://pypi.org/simple" }, marker = "python_full_version >= '3.10'" },
    { name = "types-protobuf", version = "5.29.1.20241207", source = { registry = "https://pypi.org/simple" }, marker = "python_full_version < '3.9'" },
    { name = "types-protobuf", version = "6.32.1.20251210", source = { registry = "https://pypi.org/simple" }, marker = "python_full_version == '3.9.*'" },
    { name = "types-protobuf", version = "6.32.1.20260221", source = { registry = "https://pypi.org/simple" }, marker = "python_full_version >= '3.10'" },
]
sdist = { url = "https://files.pythonhosted.org/packages/d5/48/658827446368bca30a94e545598065587ece9cd09b678d7d2895c37a59d2/mypy_protobuf-5.0.0.tar.gz", hash = "sha256:6fdd1cfdbb4419c713291d800a332d4bba6510dbd1341ed95e0bcc82fcadb6b5", size = 37309, upload-time = "2026-01-13T17:10:12.616Z" }
wheels = [
    { url = "https://files.pythonhosted.org/packages/b4/b1/ab1e7a49930a8c1d1f7a570bbd4ec7d552ef035acc7aa4b97906e17a34a9/mypy_protobuf-5.0.0-py3-none-any.whl", hash = "sha256:3a7dd753ef3e3b8783a824eb51f07983f62812f9ec066e4fbb1b22d6c5dc36d0", size = 26008, upload-time = "2026-01-13T17:10:11.053Z" },
]

[[package]]
name = "protobuf"
version = "5.29.6"
source = { registry = "https://pypi.org/simple" }
resolution-markers = [
    "python_full_version < '3.9'",
]
sdist = { url = "https://files.pythonhosted.org/packages/7e/57/394a763c103e0edf87f0938dafcd918d53b4c011dfc5c8ae80f3b0452dbb/protobuf-5.29.6.tar.gz", hash = "sha256:da9ee6a5424b6b30fd5e45c5ea663aef540ca95f9ad99d1e887e819cdf9b8723", size = 425623, upload-time = "2026-02-04T22:54:40.584Z" }
wheels = [
    { url = "https://files.pythonhosted.org/packages/d4/88/9ee58ff7863c479d6f8346686d4636dd4c415b0cbeed7a6a7d0617639c2a/protobuf-5.29.6-cp310-abi3-win32.whl", hash = "sha256:62e8a3114992c7c647bce37dcc93647575fc52d50e48de30c6fcb28a6a291eb1", size = 423357, upload-time = "2026-02-04T22:54:25.805Z" },
    { url = "https://files.pythonhosted.org/packages/1c/66/2dc736a4d576847134fb6d80bd995c569b13cdc7b815d669050bf0ce2d2c/protobuf-5.29.6-cp310-abi3-win_amd64.whl", hash = "sha256:7e6ad413275be172f67fdee0f43484b6de5a904cc1c3ea9804cb6fe2ff366eda", size = 435175, upload-time = "2026-02-04T22:54:28.592Z" },
    { url = "https://files.pythonhosted.org/packages/06/db/49b05966fd208ae3f44dcd33837b6243b4915c57561d730a43f881f24dea/protobuf-5.29.6-cp38-abi3-macosx_10_9_universal2.whl", hash = "sha256:b5a169e664b4057183a34bdc424540e86eea47560f3c123a0d64de4e137f9269", size = 418619, upload-time = "2026-02-04T22:54:30.266Z" },
    { url = "https://files.pythonhosted.org/packages/b7/d7/48cbf6b0c3c39761e47a99cb483405f0fde2be22cf00d71ef316ce52b458/protobuf-5.29.6-cp38-abi3-manylinux2014_aarch64.whl", hash = "sha256:a8866b2cff111f0f863c1b3b9e7572dc7eaea23a7fae27f6fc613304046483e6", size = 320284, upload-time = "2026-02-04T22:54:31.782Z" },
    { url = "https://files.pythonhosted.org/packages/e3/dd/cadd6ec43069247d91f6345fa7a0d2858bef6af366dbd7ba8f05d2c77d3b/protobuf-5.29.6-cp38-abi3-manylinux2014_x86_64.whl", hash = "sha256:e3387f44798ac1106af0233c04fb8abf543772ff241169946f698b3a9a3d3ab9", size = 320478, upload-time = "2026-02-04T22:54:32.909Z" },
    { url = "https://files.pythonhosted.org/packages/59/10/45084b81d758f6290579390cbbfdd42610bae27f2facfb3a357aea5e3fc5/protobuf-5.29.6-cp38-cp38-win32.whl", hash = "sha256:36ade6ff88212e91aef4e687a971a11d7d24d6948a66751abc1b3238648f5d05", size = 423297, upload-time = "2026-02-04T22:54:35.053Z" },
    { url = "https://files.pythonhosted.org/packages/7a/fb/8c51a0d8ce92d8bfb6eb05278b806a5fbf574ffd62e68046dc49f3166a20/protobuf-5.29.6-cp38-cp38-win_amd64.whl", hash = "sha256:831e2da16b6cc9d8f1654c041dd594eda43391affd3c03a91bea7f7f6da106d6", size = 435285, upload-time = "2026-02-04T22:54:36.1Z" },
    { url = "https://files.pythonhosted.org/packages/30/a4/ff263f5687815e1a10a9243a3a6463af42ca251224bf4b8fc4c93b9f5b80/protobuf-5.29.6-cp39-cp39-win32.whl", hash = "sha256:cb4c86de9cd8a7f3a256b9744220d87b847371c6b2f10bde87768918ef33ba49", size = 423352, upload-time = "2026-02-04T22:54:37.375Z" },
    { url = "https://files.pythonhosted.org/packages/5c/64/e943206d3b5069050d570a2c53a90631240d99adcc9a91c6ff7b41876f4d/protobuf-5.29.6-cp39-cp39-win_amd64.whl", hash = "sha256:76e07e6567f8baf827137e8d5b8204b6c7b6488bbbff1bf0a72b383f77999c18", size = 435222, upload-time = "2026-02-04T22:54:38.418Z" },
    { url = "https://files.pythonhosted.org/packages/5a/cb/e3065b447186cb70aa65acc70c86baf482d82bf75625bf5a2c4f6919c6a3/protobuf-5.29.6-py3-none-any.whl", hash = "sha256:6b9edb641441b2da9fa8f428760fc136a49cf97a52076010cf22a2ff73438a86", size = 173126, upload-time = "2026-02-04T22:54:39.462Z" },
]

[[package]]
name = "protobuf"
version = "6.33.5"
source = { registry = "https://pypi.org/simple" }
resolution-markers = [
    "python_full_version == '3.9.*'",
]
sdist = { url = "https://files.pythonhosted.org/packages/ba/25/7c72c307aafc96fa87062aa6291d9f7c94836e43214d43722e86037aac02/protobuf-6.33.5.tar.gz", hash = "sha256:6ddcac2a081f8b7b9642c09406bc6a4290128fce5f471cddd165960bb9119e5c", size = 444465, upload-time = "2026-01-29T21:51:33.494Z" }
wheels = [
    { url = "https://files.pythonhosted.org/packages/b1/79/af92d0a8369732b027e6d6084251dd8e782c685c72da161bd4a2e00fbabb/protobuf-6.33.5-cp310-abi3-win32.whl", hash = "sha256:d71b040839446bac0f4d162e758bea99c8251161dae9d0983a3b88dee345153b", size = 425769, upload-time = "2026-01-29T21:51:21.751Z" },
    { url = "https://files.pythonhosted.org/packages/55/75/bb9bc917d10e9ee13dee8607eb9ab963b7cf8be607c46e7862c748aa2af7/protobuf-6.33.5-cp310-abi3-win_amd64.whl", hash = "sha256:3093804752167bcab3998bec9f1048baae6e29505adaf1afd14a37bddede533c", size = 437118, upload-time = "2026-01-29T21:51:24.022Z" },
    { url = "https://files.pythonhosted.org/packages/a2/6b/e48dfc1191bc5b52950246275bf4089773e91cb5ba3592621723cdddca62/protobuf-6.33.5-cp39-abi3-macosx_10_9_universal2.whl", hash = "sha256:a5cb85982d95d906df1e2210e58f8e4f1e3cdc088e52c921a041f9c9a0386de5", size = 427766, upload-time = "2026-01-29T21:51:25.413Z" },
    { url = "https://files.pythonhosted.org/packages/4e/b1/c79468184310de09d75095ed1314b839eb2f72df71097db9d1404a1b2717/protobuf-6.33.5-cp39-abi3-manylinux2014_aarch64.whl", hash = "sha256:9b71e0281f36f179d00cbcb119cb19dec4d14a81393e5ea220f64b286173e190", size = 324638, upload-time = "2026-01-29T21:51:26.423Z" },
    { url = "https://files.pythonhosted.org/packages/c5/f5/65d838092fd01c44d16037953fd4c2cc851e783de9b8f02b27ec4ffd906f/protobuf-6.33.5-cp39-abi3-manylinux2014_s390x.whl", hash = "sha256:8afa18e1d6d20af15b417e728e9f60f3aa108ee76f23c3b2c07a2c3b546d3afd", size = 339411, upload-time = "2026-01-29T21:51:27.446Z" },
    { url = "https://files.pythonhosted.org/packages/9b/53/a9443aa3ca9ba8724fdfa02dd1887c1bcd8e89556b715cfbacca6b63dbec/protobuf-6.33.5-cp39-abi3-manylinux2014_x86_64.whl", hash = "sha256:cbf16ba3350fb7b889fca858fb215967792dc125b35c7976ca4818bee3521cf0", size = 323465, upload-time = "2026-01-29T21:51:28.925Z" },
    { url = "https://files.pythonhosted.org/packages/08/60/84d5f6dcda9165e4d6a56ac8433c9f40a8906bf2966150b8a0cfde097d78/protobuf-6.33.5-cp39-cp39-win32.whl", hash = "sha256:a3157e62729aafb8df6da2c03aa5c0937c7266c626ce11a278b6eb7963c4e37c", size = 425892, upload-time = "2026-01-29T21:51:30.382Z" },
    { url = "https://files.pythonhosted.org/packages/68/19/33d7dc2dc84439587fa1e21e1c0026c01ad2af0a62f58fd54002a7546307/protobuf-6.33.5-cp39-cp39-win_amd64.whl", hash = "sha256:8f04fa32763dcdb4973d537d6b54e615cc61108c7cb38fe59310c3192d29510a", size = 437137, upload-time = "2026-01-29T21:51:31.456Z" },
    { url = "https://files.pythonhosted.org/packages/57/bf/2086963c69bdac3d7cff1cc7ff79b8ce5ea0bec6797a017e1be338a46248/protobuf-6.33.5-py3-none-any.whl", hash = "sha256:69915a973dd0f60f31a08b8318b73eab2bd6a392c79184b3612226b0a3f8ec02", size = 170687, upload-time = "2026-01-29T21:51:32.557Z" },
]

[[package]]
name = "protobuf"
version = "7.34.0"
source = { registry = "https://pypi.org/simple" }
resolution-markers = [
    "python_full_version >= '3.10'",
]
sdist = { url = "https://files.pythonhosted.org/packages/f2/00/04a2ab36b70a52d0356852979e08b44edde0435f2115dc66e25f2100f3ab/protobuf-7.34.0.tar.gz", hash = "sha256:3871a3df67c710aaf7bb8d214cc997342e63ceebd940c8c7fc65c9b3d697591a", size = 454726, upload-time = "2026-02-27T00:30:25.421Z" }
wheels = [
    { url = "https://files.pythonhosted.org/packages/13/c4/6322ab5c8f279c4c358bc14eb8aefc0550b97222a39f04eb3c1af7a830fa/protobuf-7.34.0-cp310-abi3-macosx_10_9_universal2.whl", hash = "sha256:8e329966799f2c271d5e05e236459fe1cbfdb8755aaa3b0914fa60947ddea408", size = 429248, upload-time = "2026-02-27T00:30:14.924Z" },
    { url = "https://files.pythonhosted.org/packages/45/99/b029bbbc61e8937545da5b79aa405ab2d9cf307a728f8c9459ad60d7a481/protobuf-7.34.0-cp310-abi3-manylinux2014_aarch64.whl", hash = "sha256:9d7a5005fb96f3c1e64f397f91500b0eb371b28da81296ae73a6b08a5b76cdd6", size = 325753, upload-time = "2026-02-27T00:30:17.247Z" },
    { url = "https://files.pythonhosted.org/packages/cc/79/09f02671eb75b251c5550a1c48e7b3d4b0623efd7c95a15a50f6f9fc1e2e/protobuf-7.34.0-cp310-abi3-manylinux2014_s390x.whl", hash = "sha256:4a72a8ec94e7a9f7ef7fe818ed26d073305f347f8b3b5ba31e22f81fd85fca02", size = 340200, upload-time = "2026-02-27T00:30:18.672Z" },
    { url = "https://files.pythonhosted.org/packages/b5/57/89727baef7578897af5ed166735ceb315819f1c184da8c3441271dbcfde7/protobuf-7.34.0-cp310-abi3-manylinux2014_x86_64.whl", hash = "sha256:964cf977e07f479c0697964e83deda72bcbc75c3badab506fb061b352d991b01", size = 324268, upload-time = "2026-02-27T00:30:20.088Z" },
    { url = "https://files.pythonhosted.org/packages/1f/3e/38ff2ddee5cc946f575c9d8cc822e34bde205cf61acf8099ad88ef19d7d2/protobuf-7.34.0-cp310-abi3-win32.whl", hash = "sha256:f791ec509707a1d91bd02e07df157e75e4fb9fbdad12a81b7396201ec244e2e3", size = 426628, upload-time = "2026-02-27T00:30:21.555Z" },
    { url = "https://files.pythonhosted.org/packages/cb/71/7c32eaf34a61a1bae1b62a2ac4ffe09b8d1bb0cf93ad505f42040023db89/protobuf-7.34.0-cp310-abi3-win_amd64.whl", hash = "sha256:9f9079f1dde4e32342ecbd1c118d76367090d4aaa19da78230c38101c5b3dd40", size = 437901, upload-time = "2026-02-27T00:30:22.836Z" },
    { url = "https://files.pythonhosted.org/packages/a4/e7/14dc9366696dcb53a413449881743426ed289d687bcf3d5aee4726c32ebb/protobuf-7.34.0-py3-none-any.whl", hash = "sha256:e3b914dd77fa33fa06ab2baa97937746ab25695f389869afdf03e81f34e45dc7", size = 170716, upload-time = "2026-02-27T00:30:23.994Z" },
]

[[package]]
name = "segno"
version = "1.6.6"
source = { registry = "https://pypi.org/simple" }
dependencies = [
    { name = "importlib-metadata", version = "8.5.0", source = { registry = "https://pypi.org/simple" }, marker = "python_full_version < '3.9'" },
    { name = "importlib-metadata", version = "8.7.1", source = { registry = "https://pypi.org/simple" }, marker = "python_full_version == '3.9.*'" },
]
sdist = { url = "https://files.pythonhosted.org/packages/1c/2e/b396f750c53f570055bf5a9fc1ace09bed2dff013c73b7afec5702a581ba/segno-1.6.6.tar.gz", hash = "sha256:e60933afc4b52137d323a4434c8340e0ce1e58cec71439e46680d4db188f11b3", size = 1628586, upload-time = "2025-03-12T22:12:53.324Z" }
wheels = [
    { url = "https://files.pythonhosted.org/packages/d6/02/12c73fd423eb9577b97fc1924966b929eff7074ae6b2e15dd3d30cb9e4ae/segno-1.6.6-py3-none-any.whl", hash = "sha256:28c7d081ed0cf935e0411293a465efd4d500704072cdb039778a2ab8736190c7", size = 76503, upload-time = "2025-03-12T22:12:48.106Z" },
]

[[package]]
name = "tryx"
source = { editable = "." }

[package.dev-dependencies]
dev = [
    { name = "mypy-protobuf" },
    { name = "segno" },
]

[package.metadata]

[package.metadata.requires-dev]
dev = [
    { name = "mypy-protobuf", specifier = ">=5.0.0" },
    { name = "segno", specifier = ">=1.6.6" },
]

[[package]]
name = "types-protobuf"
version = "5.29.1.20241207"
source = { registry = "https://pypi.org/simple" }
resolution-markers = [
    "python_full_version < '3.9'",
]
sdist = { url = "https://files.pythonhosted.org/packages/70/89/b661a447139f665ccea8e39bfdd52a92f803df4b5de0e6001a3537feaacb/types_protobuf-5.29.1.20241207.tar.gz", hash = "sha256:2ebcadb8ab3ef2e3e2f067e0882906d64ba0dc65fc5b0fd7a8b692315b4a0be9", size = 59190, upload-time = "2024-12-07T02:54:37.951Z" }
wheels = [
    { url = "https://files.pythonhosted.org/packages/7e/6e/cdf152187019d6f6d04066b23e48659d961b527e9c6d43b48459d160e332/types_protobuf-5.29.1.20241207-py3-none-any.whl", hash = "sha256:92893c42083e9b718c678badc0af7a9a1307b92afe1599e5cba5f3d35b668b2f", size = 73902, upload-time = "2024-12-07T02:54:36.069Z" },
]

[[package]]
name = "types-protobuf"
version = "6.32.1.20251210"
source = { registry = "https://pypi.org/simple" }
resolution-markers = [
    "python_full_version == '3.9.*'",
]
sdist = { url = "https://files.pythonhosted.org/packages/c2/59/c743a842911887cd96d56aa8936522b0cd5f7a7f228c96e81b59fced45be/types_protobuf-6.32.1.20251210.tar.gz", hash = "sha256:c698bb3f020274b1a2798ae09dc773728ce3f75209a35187bd11916ebfde6763", size = 63900, upload-time = "2025-12-10T03:14:25.451Z" }
wheels = [
    { url = "https://files.pythonhosted.org/packages/aa/43/58e75bac4219cbafee83179505ff44cae3153ec279be0e30583a73b8f108/types_protobuf-6.32.1.20251210-py3-none-any.whl", hash = "sha256:2641f78f3696822a048cfb8d0ff42ccd85c25f12f871fbebe86da63793692140", size = 77921, upload-time = "2025-12-10T03:14:24.477Z" },
]

[[package]]
name = "types-protobuf"
version = "6.32.1.20260221"
source = { registry = "https://pypi.org/simple" }
resolution-markers = [
    "python_full_version >= '3.10'",
]
sdist = { url = "https://files.pythonhosted.org/packages/5f/e2/9aa4a3b2469508bd7b4e2ae11cbedaf419222a09a1b94daffcd5efca4023/types_protobuf-6.32.1.20260221.tar.gz", hash = "sha256:6d5fb060a616bfb076cbb61b4b3c3969f5fc8bec5810f9a2f7e648ee5cbcbf6e", size = 64408, upload-time = "2026-02-21T03:55:13.916Z" }
wheels = [
    { url = "https://files.pythonhosted.org/packages/2e/e8/1fd38926f9cf031188fbc5a96694203ea6f24b0e34bd64a225ec6f6291ba/types_protobuf-6.32.1.20260221-py3-none-any.whl", hash = "sha256:da7cdd947975964a93c30bfbcc2c6841ee646b318d3816b033adc2c4eb6448e4", size = 77956, upload-time = "2026-02-21T03:55:12.894Z" },
]

[[package]]
name = "zipp"
version = "3.20.2"
source = { registry = "https://pypi.org/simple" }
resolution-markers = [
    "python_full_version < '3.9'",
]
sdist = { url = "https://files.pythonhosted.org/packages/54/bf/5c0000c44ebc80123ecbdddba1f5dcd94a5ada602a9c225d84b5aaa55e86/zipp-3.20.2.tar.gz", hash = "sha256:bc9eb26f4506fda01b81bcde0ca78103b6e62f991b381fec825435c836edbc29", size = 24199, upload-time = "2024-09-13T13:44:16.101Z" }
wheels = [
    { url = "https://files.pythonhosted.org/packages/62/8b/5ba542fa83c90e09eac972fc9baca7a88e7e7ca4b221a89251954019308b/zipp-3.20.2-py3-none-any.whl", hash = "sha256:a817ac80d6cf4b23bf7f2828b7cabf326f15a001bea8b1f9b49631780ba28350", size = 9200, upload-time = "2024-09-13T13:44:14.38Z" },
]

[[package]]
name = "zipp"
version = "3.23.0"
source = { registry = "https://pypi.org/simple" }
resolution-markers = [
    "python_full_version == '3.9.*'",
]
sdist = { url = "https://files.pythonhosted.org/packages/e3/02/0f2892c661036d50ede074e376733dca2ae7c6eb617489437771209d4180/zipp-3.23.0.tar.gz", hash = "sha256:a07157588a12518c9d4034df3fbbee09c814741a33ff63c05fa29d26a2404166", size = 25547, upload-time = "2025-06-08T17:06:39.4Z" }
wheels = [
    { url = "https://files.pythonhosted.org/packages/2e/54/647ade08bf0db230bfea292f893923872fd20be6ac6f53b2b936ba839d75/zipp-3.23.0-py3-none-any.whl", hash = "sha256:071652d6115ed432f5ce1d34c336c0adfd6a884660d1e9712a256d3d3bd4b14e", size = 10276, upload-time = "2025-06-08T17:06:38.034Z" },
]
